
Microsoft Visual Studio Solution File, Format Version 12.00
# Visual Studio Version 17
VisualStudioVersion = 17.7.34202.233
MinimumVisualStudioVersion = 10.0.40219.1
Project("{FAE04EC0-301F-11D3-BF4B-00C04F79EFBC}") = "CA_Employe_task", "CA_Employe_task.csproj", "{B7EC77D3-357F-442A-B3CE-54855E9A4766}"
EndProject
Global
	GlobalSection(SolutionConfigurationPlatforms) = preSolution
		Debug|Any CPU = Debug|Any CPU
		Release|Any CPU = Release|Any CPU
	EndGlobalSection
	GlobalSection(ProjectConfigurationPlatforms) = postSolution
		{B7EC77D3-357F-442A-B3CE-54855E9A4766}.Debug|Any CPU.ActiveCfg = Debug|Any CPU
		{B7EC77D3-357F-442A-B3CE-54855E9A4766}.Debug|Any CPU.Build.0 = Debug|Any CPU
		{B7EC77D3-357F-442A-B3CE-54855E9A4766}.Release|Any CPU.ActiveCfg = Release|Any CPU
		{B7EC77D3-357F-442A-B3CE-54855E9A4766}.Release|Any CPU.Build.0 = Release|Any CPU
	EndGlobalSection
	GlobalSection(SolutionProperties) = preSolution
		HideSolutionNode = FALSE
	EndGlobalSection
	GlobalSection(ExtensibilityGlobals) = postSolution
		SolutionGuid = {898D3587-21D6-47A1-8317-DE48C1278244}
	EndGlobalSection
EndGlobal
