
Microsoft Visual Studio Solution File, Format Version 12.00
# Visual Studio Version 17
VisualStudioVersion = 17.7.34009.444
MinimumVisualStudioVersion = 10.0.40219.1
Project("{9A19103F-16F7-4668-BE54-9A1E7A4F7556}") = "WP01", "..\..\..\Day5Ado\Aspwebapp\WP01\WP01.csproj", "{A67C5674-F44C-423F-AD2D-420FCD461502}"
EndProject
Global
	GlobalSection(SolutionConfigurationPlatforms) = preSolution
		Debug|Any CPU = Debug|Any CPU
		Release|Any CPU = Release|Any CPU
	EndGlobalSection
	GlobalSection(ProjectConfigurationPlatforms) = postSolution
		{A67C5674-F44C-423F-AD2D-420FCD461502}.Debug|Any CPU.ActiveCfg = Debug|Any CPU
		{A67C5674-F44C-423F-AD2D-420FCD461502}.Debug|Any CPU.Build.0 = Debug|Any CPU
		{A67C5674-F44C-423F-AD2D-420FCD461502}.Release|Any CPU.ActiveCfg = Release|Any CPU
		{A67C5674-F44C-423F-AD2D-420FCD461502}.Release|Any CPU.Build.0 = Release|Any CPU
	EndGlobalSection
	GlobalSection(SolutionProperties) = preSolution
		HideSolutionNode = FALSE
	EndGlobalSection
	GlobalSection(ExtensibilityGlobals) = postSolution
		SolutionGuid = {A7E776F2-7D80-4F13-992A-C560433FA271}
	EndGlobalSection
EndGlobal
