
Microsoft Visual Studio Solution File, Format Version 12.00
# Visual Studio Version 17
VisualStudioVersion = 17.7.34202.233
MinimumVisualStudioVersion = 10.0.40219.1
Project("{FAE04EC0-301F-11D3-BF4B-00C04F79EFBC}") = "CACUSTOMER", "CACUSTOMER.csproj", "{4F1646DE-5ADF-483F-8E2C-4E870208221A}"
EndProject
Global
	GlobalSection(SolutionConfigurationPlatforms) = preSolution
		Debug|Any CPU = Debug|Any CPU
		Release|Any CPU = Release|Any CPU
	EndGlobalSection
	GlobalSection(ProjectConfigurationPlatforms) = postSolution
		{4F1646DE-5ADF-483F-8E2C-4E870208221A}.Debug|Any CPU.ActiveCfg = Debug|Any CPU
		{4F1646DE-5ADF-483F-8E2C-4E870208221A}.Debug|Any CPU.Build.0 = Debug|Any CPU
		{4F1646DE-5ADF-483F-8E2C-4E870208221A}.Release|Any CPU.ActiveCfg = Release|Any CPU
		{4F1646DE-5ADF-483F-8E2C-4E870208221A}.Release|Any CPU.Build.0 = Release|Any CPU
	EndGlobalSection
	GlobalSection(SolutionProperties) = preSolution
		HideSolutionNode = FALSE
	EndGlobalSection
	GlobalSection(ExtensibilityGlobals) = postSolution
		SolutionGuid = {87C3006C-DEF2-476C-B631-DDAD8645288A}
	EndGlobalSection
EndGlobal
