
Microsoft Visual Studio Solution File, Format Version 12.00
# Visual Studio Version 17
VisualStudioVersion = 17.7.34202.233
MinimumVisualStudioVersion = 10.0.40219.1
Project("{FAE04EC0-301F-11D3-BF4B-00C04F79EFBC}") = "AdoAssign1", "AdoAssign1.csproj", "{83E4C1DE-B460-4493-8149-BCA5722E446D}"
EndProject
Global
	GlobalSection(SolutionConfigurationPlatforms) = preSolution
		Debug|Any CPU = Debug|Any CPU
		Release|Any CPU = Release|Any CPU
	EndGlobalSection
	GlobalSection(ProjectConfigurationPlatforms) = postSolution
		{83E4C1DE-B460-4493-8149-BCA5722E446D}.Debug|Any CPU.ActiveCfg = Debug|Any CPU
		{83E4C1DE-B460-4493-8149-BCA5722E446D}.Debug|Any CPU.Build.0 = Debug|Any CPU
		{83E4C1DE-B460-4493-8149-BCA5722E446D}.Release|Any CPU.ActiveCfg = Release|Any CPU
		{83E4C1DE-B460-4493-8149-BCA5722E446D}.Release|Any CPU.Build.0 = Release|Any CPU
	EndGlobalSection
	GlobalSection(SolutionProperties) = preSolution
		HideSolutionNode = FALSE
	EndGlobalSection
	GlobalSection(ExtensibilityGlobals) = postSolution
		SolutionGuid = {3321DA2D-2C8E-4BA6-99EA-5EC886254DBA}
	EndGlobalSection
EndGlobal
