
Microsoft Visual Studio Solution File, Format Version 12.00
# Visual Studio Version 17
VisualStudioVersion = 17.7.34202.233
MinimumVisualStudioVersion = 10.0.40219.1
Project("{FAE04EC0-301F-11D3-BF4B-00C04F79EFBC}") = "CA_Entitynextlevel", "CA_Entitynextlevel.csproj", "{9679CDB2-038C-4774-B732-4C3C2DD4E218}"
EndProject
Global
	GlobalSection(SolutionConfigurationPlatforms) = preSolution
		Debug|Any CPU = Debug|Any CPU
		Release|Any CPU = Release|Any CPU
	EndGlobalSection
	GlobalSection(ProjectConfigurationPlatforms) = postSolution
		{9679CDB2-038C-4774-B732-4C3C2DD4E218}.Debug|Any CPU.ActiveCfg = Debug|Any CPU
		{9679CDB2-038C-4774-B732-4C3C2DD4E218}.Debug|Any CPU.Build.0 = Debug|Any CPU
		{9679CDB2-038C-4774-B732-4C3C2DD4E218}.Release|Any CPU.ActiveCfg = Release|Any CPU
		{9679CDB2-038C-4774-B732-4C3C2DD4E218}.Release|Any CPU.Build.0 = Release|Any CPU
	EndGlobalSection
	GlobalSection(SolutionProperties) = preSolution
		HideSolutionNode = FALSE
	EndGlobalSection
	GlobalSection(ExtensibilityGlobals) = postSolution
		SolutionGuid = {78884E4A-C74A-4082-BD78-D8EC0D4AB57C}
	EndGlobalSection
EndGlobal
