
Microsoft Visual Studio Solution File, Format Version 12.00
# Visual Studio Version 17
VisualStudioVersion = 17.7.34202.233
MinimumVisualStudioVersion = 10.0.40219.1
Project("{FAE04EC0-301F-11D3-BF4B-00C04F79EFBC}") = "CA_Example1", "CA_Example1.csproj", "{4A35D737-63B5-491D-AEFA-FF1F78B68D4A}"
EndProject
Global
	GlobalSection(SolutionConfigurationPlatforms) = preSolution
		Debug|Any CPU = Debug|Any CPU
		Release|Any CPU = Release|Any CPU
	EndGlobalSection
	GlobalSection(ProjectConfigurationPlatforms) = postSolution
		{4A35D737-63B5-491D-AEFA-FF1F78B68D4A}.Debug|Any CPU.ActiveCfg = Debug|Any CPU
		{4A35D737-63B5-491D-AEFA-FF1F78B68D4A}.Debug|Any CPU.Build.0 = Debug|Any CPU
		{4A35D737-63B5-491D-AEFA-FF1F78B68D4A}.Release|Any CPU.ActiveCfg = Release|Any CPU
		{4A35D737-63B5-491D-AEFA-FF1F78B68D4A}.Release|Any CPU.Build.0 = Release|Any CPU
	EndGlobalSection
	GlobalSection(SolutionProperties) = preSolution
		HideSolutionNode = FALSE
	EndGlobalSection
	GlobalSection(ExtensibilityGlobals) = postSolution
		SolutionGuid = {9969FF7C-B11A-43C8-AA01-BF97211C3A8A}
	EndGlobalSection
EndGlobal
